// !$*UTF8*$!
{
	archiveVersion = 1;
	classes = {
	};
	objectVersion = 50;
	objects = {

/* Begin PBXBuildFile section */
		4DB17A25226DEC5700BDB88B /* Assets.xcassets in Resources */ = {isa = PBXBuildFile; fileRef = 4DB17A24226DEC5700BDB88B /* Assets.xcassets */; };
		4DB17A28226DEC5700BDB88B /* LaunchScreen.storyboard in Resources */ = {isa = PBXBuildFile; fileRef = 4DB17A26226DEC5700BDB88B /* LaunchScreen.storyboard */; };
		4DB17A33226DED0D00BDB88B /* AppDelegate.swift in Sources */ = {isa = PBXBuildFile; fileRef = 4DB17A31226DED0D00BDB88B /* AppDelegate.swift */; };
		4DB17A37226DEE9B00BDB88B /* HomeController.swift in Sources */ = {isa = PBXBuildFile; fileRef = 4DB17A36226DEE9B00BDB88B /* HomeController.swift */; };
		4DB17A39226DEEE000BDB88B /* CategoryController.swift in Sources */ = {isa = PBXBuildFile; fileRef = 4DB17A38226DEEE000BDB88B /* CategoryController.swift */; };
		4DB17A3B226DEEF100BDB88B /* FriendController.swift in Sources */ = {isa = PBXBuildFile; fileRef = 4DB17A3A226DEEF100BDB88B /* FriendController.swift */; };
		4DB17A3D226DEEFF00BDB88B /* ProfileController.swift in Sources */ = {isa = PBXBuildFile; fileRef = 4DB17A3C226DEEFF00BDB88B /* ProfileController.swift */; };
		4DB17A3F226DF64100BDB88B /* RootTabBarController.swift in Sources */ = {isa = PBXBuildFile; fileRef = 4DB17A3E226DF64100BDB88B /* RootTabBarController.swift */; };
/* End PBXBuildFile section */

/* Begin PBXFileReference section */
		4DB17A1A226DEC5600BDB88B /* MSBlog.app */ = {isa = PBXFileReference; explicitFileType = wrapper.application; includeInIndex = 0; path = MSBlog.app; sourceTree = BUILT_PRODUCTS_DIR; };
		4DB17A24226DEC5700BDB88B /* Assets.xcassets */ = {isa = PBXFileReference; lastKnownFileType = folder.assetcatalog; path = Assets.xcassets; sourceTree = "<group>"; };
		4DB17A27226DEC5700BDB88B /* Base */ = {isa = PBXFileReference; lastKnownFileType = file.storyboard; name = Base; path = Base.lproj/LaunchScreen.storyboard; sourceTree = "<group>"; };
		4DB17A29226DEC5700BDB88B /* Info.plist */ = {isa = PBXFileReference; lastKnownFileType = text.plist.xml; path = Info.plist; sourceTree = "<group>"; };
		4DB17A31226DED0D00BDB88B /* AppDelegate.swift */ = {isa = PBXFileReference; fileEncoding = 4; lastKnownFileType = sourcecode.swift; path = AppDelegate.swift; sourceTree = "<group>"; };
		4DB17A36226DEE9B00BDB88B /* HomeController.swift */ = {isa = PBXFileReference; lastKnownFileType = sourcecode.swift; path = HomeController.swift; sourceTree = "<group>"; };
		4DB17A38226DEEE000BDB88B /* CategoryController.swift */ = {isa = PBXFileReference; lastKnownFileType = sourcecode.swift; path = CategoryController.swift; sourceTree = "<group>"; };
		4DB17A3A226DEEF100BDB88B /* FriendController.swift */ = {isa = PBXFileReference; lastKnownFileType = sourcecode.swift; path = FriendController.swift; sourceTree = "<group>"; };
		4DB17A3C226DEEFF00BDB88B /* ProfileController.swift */ = {isa = PBXFileReference; lastKnownFileType = sourcecode.swift; path = ProfileController.swift; sourceTree = "<group>"; };
		4DB17A3E226DF64100BDB88B /* RootTabBarController.swift */ = {isa = PBXFileReference; fileEncoding = 4; lastKnownFileType = sourcecode.swift; path = RootTabBarController.swift; sourceTree = "<group>"; };
/* End PBXFileReference section */

/* Begin PBXFrameworksBuildPhase section */
		4DB17A17226DEC5600BDB88B /* Frameworks */ = {
			isa = PBXFrameworksBuildPhase;
			buildActionMask = 2147483647;
			files = (
			);
			runOnlyForDeploymentPostprocessing = 0;
		};
/* End PBXFrameworksBuildPhase section */

/* Begin PBXGroup section */
		4DB17A11226DEC5600BDB88B = {
			isa = PBXGroup;
			children = (
				4DB17A1C226DEC5600BDB88B /* MSBlog */,
				4DB17A1B226DEC5600BDB88B /* Products */,
			);
			sourceTree = "<group>";
		};
		4DB17A1B226DEC5600BDB88B /* Products */ = {
			isa = PBXGroup;
			children = (
				4DB17A1A226DEC5600BDB88B /* MSBlog.app */,
			);
			name = Products;
			sourceTree = "<group>";
		};
		4DB17A1C226DEC5600BDB88B /* MSBlog */ = {
			isa = PBXGroup;
			children = (
				4DB17A2F226DECAA00BDB88B /* Classes */,
				4DB17A30226DECEC00BDB88B /* Resource */,
				4DB17A24226DEC5700BDB88B /* Assets.xcassets */,
				4DB17A26226DEC5700BDB88B /* LaunchScreen.storyboard */,
				4DB17A29226DEC5700BDB88B /* Info.plist */,
			);
			path = MSBlog;
			sourceTree = "<group>";
		};
		4DB17A2F226DECAA00BDB88B /* Classes */ = {
			isa = PBXGroup;
			children = (
				4DB17A35226DEDCA00BDB88B /* TabController */,
				4DB17A31226DED0D00BDB88B /* AppDelegate.swift */,
			);
			path = Classes;
			sourceTree = "<group>";
		};
		4DB17A30226DECEC00BDB88B /* Resource */ = {
			isa = PBXGroup;
			children = (
			);
			path = Resource;
			sourceTree = "<group>";
		};
		4DB17A35226DEDCA00BDB88B /* TabController */ = {
			isa = PBXGroup;
			children = (
				4DB17A3E226DF64100BDB88B /* RootTabBarController.swift */,
				4DB17A36226DEE9B00BDB88B /* HomeController.swift */,
				4DB17A38226DEEE000BDB88B /* CategoryController.swift */,
				4DB17A3A226DEEF100BDB88B /* FriendController.swift */,
				4DB17A3C226DEEFF00BDB88B /* ProfileController.swift */,
			);
			path = TabController;
			sourceTree = "<group>";
		};
/* End PBXGroup section */

/* Begin PBXNativeTarget section */
		4DB17A19226DEC5600BDB88B /* MSBlog */ = {
			isa = PBXNativeTarget;
			buildConfigurationList = 4DB17A2C226DEC5700BDB88B /* Build configuration list for PBXNativeTarget "MSBlog" */;
			buildPhases = (
				4DB17A16226DEC5600BDB88B /* Sources */,
				4DB17A17226DEC5600BDB88B /* Frameworks */,
				4DB17A18226DEC5600BDB88B /* Resources */,
			);
			buildRules = (
			);
			dependencies = (
			);
			name = MSBlog;
			productName = MSBlog;
			productReference = 4DB17A1A226DEC5600BDB88B /* MSBlog.app */;
			productType = "com.apple.product-type.application";
		};
/* End PBXNativeTarget section */

/* Begin PBXProject section */
		4DB17A12226DEC5600BDB88B /* Project object */ = {
			isa = PBXProject;
			attributes = {
				LastSwiftUpdateCheck = 1020;
				LastUpgradeCheck = 1020;
				ORGANIZATIONNAME = veryitman;
				TargetAttributes = {
					4DB17A19226DEC5600BDB88B = {
						CreatedOnToolsVersion = 10.2;
						LastSwiftMigration = 1020;
					};
				};
			};
			buildConfigurationList = 4DB17A15226DEC5600BDB88B /* Build configuration list for PBXProject "MSBlog" */;
			compatibilityVersion = "Xcode 9.3";
			developmentRegion = en;
			hasScannedForEncodings = 0;
			knownRegions = (
				en,
				Base,
			);
			mainGroup = 4DB17A11226DEC5600BDB88B;
			productRefGroup = 4DB17A1B226DEC5600BDB88B /* Products */;
			projectDirPath = "";
			projectRoot = "";
			targets = (
				4DB17A19226DEC5600BDB88B /* MSBlog */,
			);
		};
/* End PBXProject section */

/* Begin PBXResourcesBuildPhase section */
		4DB17A18226DEC5600BDB88B /* Resources */ = {
			isa = PBXResourcesBuildPhase;
			buildActionMask = 2147483647;
			files = (
				4DB17A28226DEC5700BDB88B /* LaunchScreen.storyboard in Resources */,
				4DB17A25226DEC5700BDB88B /* Assets.xcassets in Resources */,
			);
			runOnlyForDeploymentPostprocessing = 0;
		};
/* End PBXResourcesBuildPhase section */

/* Begin PBXSourcesBuildPhase section */
		4DB17A16226DEC5600BDB88B /* Sources */ = {
			isa = PBXSourcesBuildPhase;
			buildActionMask = 2147483647;
			files = (
				4DB17A39226DEEE000BDB88B /* CategoryController.swift in Sources */,
				4DB17A3F226DF64100BDB88B /* RootTabBarController.swift in Sources */,
				4DB17A3B226DEEF100BDB88B /* FriendController.swift in Sources */,
				4DB17A33226DED0D00BDB88B /* AppDelegate.swift in Sources */,
				4DB17A37226DEE9B00BDB88B /* HomeController.swift in Sources */,
				4DB17A3D226DEEFF00BDB88B /* ProfileController.swift in Sources */,
			);
			runOnlyForDeploymentPostprocessing = 0;
		};
/* End PBXSourcesBuildPhase section */

/* Begin PBXVariantGroup section */
		4DB17A26226DEC5700BDB88B /* LaunchScreen.storyboard */ = {
			isa = PBXVariantGroup;
			children = (
				4DB17A27226DEC5700BDB88B /* Base */,
			);
			name = LaunchScreen.storyboard;
			sourceTree = "<group>";
		};
/* End PBXVariantGroup section */

/* Begin XCBuildConfiguration section */
		4DB17A2A226DEC5700BDB88B /* Debug */ = {
			isa = XCBuildConfiguration;
			buildSettings = {
				ALWAYS_SEARCH_USER_PATHS = NO;
				CLANG_ANALYZER_NONNULL = YES;
				CLANG_ANALYZER_NUMBER_OBJECT_CONVERSION = YES_AGGRESSIVE;
				CLANG_CXX_LANGUAGE_STANDARD = "gnu++14";
				CLANG_CXX_LIBRARY = "libc++";
				CLANG_ENABLE_MODULES = YES;
				CLANG_ENABLE_OBJC_ARC = YES;
				CLANG_ENABLE_OBJC_WEAK = YES;
				CLANG_WARN_BLOCK_CAPTURE_AUTORELEASING = YES;
				CLANG_WARN_BOOL_CONVERSION = YES;
				CLANG_WARN_COMMA = YES;
				CLANG_WARN_CONSTANT_CONVERSION = YES;
				CLANG_WARN_DEPRECATED_OBJC_IMPLEMENTATIONS = YES;
				CLANG_WARN_DIRECT_OBJC_ISA_USAGE = YES_ERROR;
				CLANG_WARN_DOCUMENTATION_COMMENTS = YES;
				CLANG_WARN_EMPTY_BODY = YES;
				CLANG_WARN_ENUM_CONVERSION = YES;
				CLANG_WARN_INFINITE_RECURSION = YES;
				CLANG_WARN_INT_CONVERSION = YES;
				CLANG_WARN_NON_LITERAL_NULL_CONVERSION = YES;
				CLANG_WARN_OBJC_IMPLICIT_RETAIN_SELF = YES;
				CLANG_WARN_OBJC_LITERAL_CONVERSION = YES;
				CLANG_WARN_OBJC_ROOT_CLASS = YES_ERROR;
				CLANG_WARN_RANGE_LOOP_ANALYSIS = YES;
				CLANG_WARN_STRICT_PROTOTYPES = YES;
				CLANG_WARN_SUSPICIOUS_MOVE = YES;
				CLANG_WARN_UNGUARDED_AVAILABILITY = YES_AGGRESSIVE;
				CLANG_WARN_UNREACHABLE_CODE = YES;
				CLANG_WARN__DUPLICATE_METHOD_MATCH = YES;
				CODE_SIGN_IDENTITY = "iPhone Developer";
				COPY_PHASE_STRIP = NO;
				DEBUG_INFORMATION_FORMAT = dwarf;
				ENABLE_STRICT_OBJC_MSGSEND = YES;
				ENABLE_TESTABILITY = YES;
				GCC_C_LANGUAGE_STANDARD = gnu11;
				GCC_DYNAMIC_NO_PIC = NO;
				GCC_NO_COMMON_BLOCKS = YES;
				GCC_OPTIMIZATION_LEVEL = 0;
				GCC_PREPROCESSOR_DEFINITIONS = (
					"DEBUG=1",
					"$(inherited)",
				);
				GCC_WARN_64_TO_32_BIT_CONVERSION = YES;
				GCC_WARN_ABOUT_RETURN_TYPE = YES_ERROR;
				GCC_WARN_UNDECLARED_SELECTOR = YES;
				GCC_WARN_UNINITIALIZED_AUTOS = YES_AGGRESSIVE;
				GCC_WARN_UNUSED_FUNCTION = YES;
				GCC_WARN_UNUSED_VARIABLE = YES;
				IPHONEOS_DEPLOYMENT_TARGET = 12.2;
				MTL_ENABLE_DEBUG_INFO = INCLUDE_SOURCE;
				MTL_FAST_MATH = YES;
				ONLY_ACTIVE_ARCH = YES;
				SDKROOT = iphoneos;
				SWIFT_ACTIVE_COMPILATION_CONDITIONS = DEBUG;
				SWIFT_OPTIMIZATION_LEVEL = "-Onone";
			};
			name = Debug;
		};
		4DB17A2B226DEC5700BDB88B /* Release */ = {
			isa = XCBuildConfiguration;
			buildSettings = {
				ALWAYS_SEARCH_USER_PATHS = NO;
				CLANG_ANALYZER_NONNULL = YES;
				CLANG_ANALYZER_NUMBER_OBJECT_CONVERSION = YES_AGGRESSIVE;
				CLANG_CXX_LANGUAGE_STANDARD = "gnu++14";
				CLANG_CXX_LIBRARY = "libc++";
				CLANG_ENABLE_MODULES = YES;
				CLANG_ENABLE_OBJC_ARC = YES;
				CLANG_ENABLE_OBJC_WEAK = YES;
				CLANG_WARN_BLOCK_CAPTURE_AUTORELEASING = YES;
				CLANG_WARN_BOOL_CONVERSION = YES;
				CLANG_WARN_COMMA = YES;
				CLANG_WARN_CONSTANT_CONVERSION = YES;
				CLANG_WARN_DEPRECATED_OBJC_IMPLEMENTATIONS = YES;
				CLANG_WARN_DIRECT_OBJC_ISA_USAGE = YES_ERROR;
				CLANG_WARN_DOCUMENTATION_COMMENTS = YES;
				CLANG_WARN_EMPTY_BODY = YES;
				CLANG_WARN_ENUM_CONVERSION = YES;
				CLANG_WARN_INFINITE_RECURSION = YES;
				CLANG_WARN_INT_CONVERSION = YES;
				CLANG_WARN_NON_LITERAL_NULL_CONVERSION = YES;
				CLANG_WARN_OBJC_IMPLICIT_RETAIN_SELF = YES;
				CLANG_WARN_OBJC_LITERAL_CONVERSION = YES;
				CLANG_WARN_OBJC_ROOT_CLASS = YES_ERROR;
				CLANG_WARN_RANGE_LOOP_ANALYSIS = YES;
				CLANG_WARN_STRICT_PROTOTYPES = YES;
				CLANG_WARN_SUSPICIOUS_MOVE = YES;
				CLANG_WARN_UNGUARDED_AVAILABILITY = YES_AGGRESSIVE;
				CLANG_WARN_UNREACHABLE_CODE = YES;
				CLANG_WARN__DUPLICATE_METHOD_MATCH = YES;
				CODE_SIGN_IDENTITY = "iPhone Developer";
				COPY_PHASE_STRIP = NO;
				DEBUG_INFORMATION_FORMAT = "dwarf-with-dsym";
				ENABLE_NS_ASSERTIONS = NO;
				ENABLE_STRICT_OBJC_MSGSEND = YES;
				GCC_C_LANGUAGE_STANDARD = gnu11;
				GCC_NO_COMMON_BLOCKS = YES;
				GCC_WARN_64_TO_32_BIT_CONVERSION = YES;
				GCC_WARN_ABOUT_RETURN_TYPE = YES_ERROR;
				GCC_WARN_UNDECLARED_SELECTOR = YES;
				GCC_WARN_UNINITIALIZED_AUTOS = YES_AGGRESSIVE;
				GCC_WARN_UNUSED_FUNCTION = YES;
				GCC_WARN_UNUSED_VARIABLE = YES;
				IPHONEOS_DEPLOYMENT_TARGET = 12.2;
				MTL_ENABLE_DEBUG_INFO = NO;
				MTL_FAST_MATH = YES;
				SDKROOT = iphoneos;
				SWIFT_COMPILATION_MODE = wholemodule;
				SWIFT_OPTIMIZATION_LEVEL = "-O";
				VALIDATE_PRODUCT = YES;
			};
			name = Release;
		};
		4DB17A2D226DEC5700BDB88B /* Debug */ = {
			isa = XCBuildConfiguration;
			buildSettings = {
				ASSETCATALOG_COMPILER_APPICON_NAME = AppIcon;
				CLANG_ENABLE_MODULES = YES;
				CODE_SIGN_STYLE = Automatic;
				DEVELOPMENT_TEAM = GR78TT232F;
				INFOPLIST_FILE = MSBlog/Info.plist;
				IPHONEOS_DEPLOYMENT_TARGET = 9.0;
				LD_RUNPATH_SEARCH_PATHS = (
					"$(inherited)",
					"@executable_path/Frameworks",
				);
				PRODUCT_BUNDLE_IDENTIFIER = com.veryitman.mz;
				PRODUCT_NAME = "$(TARGET_NAME)";
				SWIFT_OPTIMIZATION_LEVEL = "-Onone";
				SWIFT_VERSION = 5.0;
				TARGETED_DEVICE_FAMILY = "1,2";
			};
			name = Debug;
		};
		4DB17A2E226DEC5700BDB88B /* Release */ = {
			isa = XCBuildConfiguration;
			buildSettings = {
				ASSETCATALOG_COMPILER_APPICON_NAME = AppIcon;
				CLANG_ENABLE_MODULES = YES;
				CODE_SIGN_STYLE = Automatic;
				DEVELOPMENT_TEAM = GR78TT232F;
				INFOPLIST_FILE = MSBlog/Info.plist;
				IPHONEOS_DEPLOYMENT_TARGET = 9.0;
				LD_RUNPATH_SEARCH_PATHS = (
					"$(inherited)",
					"@executable_path/Frameworks",
				);
				PRODUCT_BUNDLE_IDENTIFIER = com.veryitman.mz;
				PRODUCT_NAME = "$(TARGET_NAME)";
				SWIFT_VERSION = 5.0;
				TARGETED_DEVICE_FAMILY = "1,2";
			};
			name = Release;
		};
/* End XCBuildConfiguration section */

/* Begin XCConfigurationList section */
		4DB17A15226DEC5600BDB88B /* Build configuration list for PBXProject "MSBlog" */ = {
			isa = XCConfigurationList;
			buildConfigurations = (
				4DB17A2A226DEC5700BDB88B /* Debug */,
				4DB17A2B226DEC5700BDB88B /* Release */,
			);
			defaultConfigurationIsVisible = 0;
			defaultConfigurationName = Release;
		};
		4DB17A2C226DEC5700BDB88B /* Build configuration list for PBXNativeTarget "MSBlog" */ = {
			isa = XCConfigurationList;
			buildConfigurations = (
				4DB17A2D226DEC5700BDB88B /* Debug */,
				4DB17A2E226DEC5700BDB88B /* Release */,
			);
			defaultConfigurationIsVisible = 0;
			defaultConfigurationName = Release;
		};
/* End XCConfigurationList section */
	};
	rootObject = 4DB17A12226DEC5600BDB88B /* Project object */;
}
